// !$*UTF8*$!
{
	archiveVersion = 1;
	classes = {
	};
	objectVersion = 50;
	objects = {

/* Begin PBXBuildFile section */
		86DF98C82478263300FA4D4A /* CoreData.swift in Sources */ = {isa = PBXBuildFile; fileRef = 86DF98C72478263300FA4D4A /* CoreData.swift */; };
		86F08932246F1BD7009BF6D1 /* AppDelegate.swift in Sources */ = {isa = PBXBuildFile; fileRef = 86F08931246F1BD7009BF6D1 /* AppDelegate.swift */; };
		86F08934246F1BD7009BF6D1 /* SceneDelegate.swift in Sources */ = {isa = PBXBuildFile; fileRef = 86F08933246F1BD7009BF6D1 /* SceneDelegate.swift */; };
		86F08936246F1BD7009BF6D1 /* ConfusionNotVC.swift in Sources */ = {isa = PBXBuildFile; fileRef = 86F08935246F1BD7009BF6D1 /* ConfusionNotVC.swift */; };
		86F08939246F1BD7009BF6D1 /* Main.storyboard in Resources */ = {isa = PBXBuildFile; fileRef = 86F08937246F1BD7009BF6D1 /* Main.storyboard */; };
		86F0893C246F1BD7009BF6D1 /* BucketList.xcdatamodeld in Sources */ = {isa = PBXBuildFile; fileRef = 86F0893A246F1BD7009BF6D1 /* BucketList.xcdatamodeld */; };
		86F0893E246F1BD9009BF6D1 /* Assets.xcassets in Resources */ = {isa = PBXBuildFile; fileRef = 86F0893D246F1BD9009BF6D1 /* Assets.xcassets */; };
		86F08941246F1BD9009BF6D1 /* LaunchScreen.storyboard in Resources */ = {isa = PBXBuildFile; fileRef = 86F0893F246F1BD9009BF6D1 /* LaunchScreen.storyboard */; };
		86F3A067246F27A100175165 /* ConfusionNotTableCell.swift in Sources */ = {isa = PBXBuildFile; fileRef = 86F3A066246F27A100175165 /* ConfusionNotTableCell.swift */; };
		86F3A069246F326900175165 /* DateTime.swift in Sources */ = {isa = PBXBuildFile; fileRef = 86F3A068246F326900175165 /* DateTime.swift */; };
/* End PBXBuildFile section */

/* Begin PBXFileReference section */
		86DF98C72478263300FA4D4A /* CoreData.swift */ = {isa = PBXFileReference; lastKnownFileType = sourcecode.swift; path = CoreData.swift; sourceTree = "<group>"; };
		86F0892E246F1BD7009BF6D1 /* ConfusionNot.app */ = {isa = PBXFileReference; explicitFileType = wrapper.application; includeInIndex = 0; path = ConfusionNot.app; sourceTree = BUILT_PRODUCTS_DIR; };
		86F08931246F1BD7009BF6D1 /* AppDelegate.swift */ = {isa = PBXFileReference; lastKnownFileType = sourcecode.swift; path = AppDelegate.swift; sourceTree = "<group>"; };
		86F08933246F1BD7009BF6D1 /* SceneDelegate.swift */ = {isa = PBXFileReference; lastKnownFileType = sourcecode.swift; path = SceneDelegate.swift; sourceTree = "<group>"; };
		86F08935246F1BD7009BF6D1 /* ConfusionNotVC.swift */ = {isa = PBXFileReference; lastKnownFileType = sourcecode.swift; path = ConfusionNotVC.swift; sourceTree = "<group>"; };
		86F08938246F1BD7009BF6D1 /* Base */ = {isa = PBXFileReference; lastKnownFileType = file.storyboard; name = Base; path = Base.lproj/Main.storyboard; sourceTree = "<group>"; };
		86F0893B246F1BD7009BF6D1 /* BucketList.xcdatamodel */ = {isa = PBXFileReference; lastKnownFileType = wrapper.xcdatamodel; path = BucketList.xcdatamodel; sourceTree = "<group>"; };
		86F0893D246F1BD9009BF6D1 /* Assets.xcassets */ = {isa = PBXFileReference; lastKnownFileType = folder.assetcatalog; path = Assets.xcassets; sourceTree = "<group>"; };
		86F08940246F1BD9009BF6D1 /* Base */ = {isa = PBXFileReference; lastKnownFileType = file.storyboard; name = Base; path = Base.lproj/LaunchScreen.storyboard; sourceTree = "<group>"; };
		86F08942246F1BD9009BF6D1 /* Info.plist */ = {isa = PBXFileReference; lastKnownFileType = text.plist.xml; path = Info.plist; sourceTree = "<group>"; };
		86F3A066246F27A100175165 /* ConfusionNotTableCell.swift */ = {isa = PBXFileReference; lastKnownFileType = sourcecode.swift; path = ConfusionNotTableCell.swift; sourceTree = "<group>"; };
		86F3A068246F326900175165 /* DateTime.swift */ = {isa = PBXFileReference; lastKnownFileType = sourcecode.swift; path = DateTime.swift; sourceTree = "<group>"; };
/* End PBXFileReference section */

/* Begin PBXFrameworksBuildPhase section */
		86F0892B246F1BD7009BF6D1 /* Frameworks */ = {
			isa = PBXFrameworksBuildPhase;
			buildActionMask = 2147483647;
			files = (
			);
			runOnlyForDeploymentPostprocessing = 0;
		};
/* End PBXFrameworksBuildPhase section */

/* Begin PBXGroup section */
		86F08925246F1BD7009BF6D1 = {
			isa = PBXGroup;
			children = (
				86F08930246F1BD7009BF6D1 /* BucketList */,
				86F0892F246F1BD7009BF6D1 /* Products */,
			);
			sourceTree = "<group>";
		};
		86F0892F246F1BD7009BF6D1 /* Products */ = {
			isa = PBXGroup;
			children = (
				86F0892E246F1BD7009BF6D1 /* ConfusionNot.app */,
			);
			name = Products;
			sourceTree = "<group>";
		};
		86F08930246F1BD7009BF6D1 /* BucketList */ = {
			isa = PBXGroup;
			children = (
				86F0894B246F1C17009BF6D1 /* Model */,
				86F0894A246F1C0D009BF6D1 /* View */,
				86F08949246F1C05009BF6D1 /* Controller */,
				86F08948246F1BF2009BF6D1 /* Support Files */,
				86F08937246F1BD7009BF6D1 /* Main.storyboard */,
				86F0893D246F1BD9009BF6D1 /* Assets.xcassets */,
				86F0893F246F1BD9009BF6D1 /* LaunchScreen.storyboard */,
				86F08942246F1BD9009BF6D1 /* Info.plist */,
				86F0893A246F1BD7009BF6D1 /* BucketList.xcdatamodeld */,
			);
			path = BucketList;
			sourceTree = "<group>";
		};
		86F08948246F1BF2009BF6D1 /* Support Files */ = {
			isa = PBXGroup;
			children = (
				86F08931246F1BD7009BF6D1 /* AppDelegate.swift */,
				86F08933246F1BD7009BF6D1 /* SceneDelegate.swift */,
			);
			path = "Support Files";
			sourceTree = "<group>";
		};
		86F08949246F1C05009BF6D1 /* Controller */ = {
			isa = PBXGroup;
			children = (
				86F08935246F1BD7009BF6D1 /* ConfusionNotVC.swift */,
			);
			path = Controller;
			sourceTree = "<group>";
		};
		86F0894A246F1C0D009BF6D1 /* View */ = {
			isa = PBXGroup;
			children = (
				86F3A066246F27A100175165 /* ConfusionNotTableCell.swift */,
			);
			path = View;
			sourceTree = "<group>";
		};
		86F0894B246F1C17009BF6D1 /* Model */ = {
			isa = PBXGroup;
			children = (
				86F3A068246F326900175165 /* DateTime.swift */,
				86DF98C72478263300FA4D4A /* CoreData.swift */,
			);
			path = Model;
			sourceTree = "<group>";
		};
/* End PBXGroup section */

/* Begin PBXNativeTarget section */
		86F0892D246F1BD7009BF6D1 /* BucketList */ = {
			isa = PBXNativeTarget;
			buildConfigurationList = 86F08945246F1BD9009BF6D1 /* Build configuration list for PBXNativeTarget "BucketList" */;
			buildPhases = (
				86F0892A246F1BD7009BF6D1 /* Sources */,
				86F0892B246F1BD7009BF6D1 /* Frameworks */,
				86F0892C246F1BD7009BF6D1 /* Resources */,
			);
			buildRules = (
			);
			dependencies = (
			);
			name = BucketList;
			productName = BucketList;
			productReference = 86F0892E246F1BD7009BF6D1 /* ConfusionNot.app */;
			productType = "com.apple.product-type.application";
		};
/* End PBXNativeTarget section */

/* Begin PBXProject section */
		86F08926246F1BD7009BF6D1 /* Project object */ = {
			isa = PBXProject;
			attributes = {
				LastSwiftUpdateCheck = 1140;
				LastUpgradeCheck = 1140;
				ORGANIZATIONNAME = "Deepansh Saini";
				TargetAttributes = {
					86F0892D246F1BD7009BF6D1 = {
						CreatedOnToolsVersion = 11.4.1;
					};
				};
			};
			buildConfigurationList = 86F08929246F1BD7009BF6D1 /* Build configuration list for PBXProject "BucketList" */;
			compatibilityVersion = "Xcode 9.3";
			developmentRegion = en;
			hasScannedForEncodings = 0;
			knownRegions = (
				en,
				Base,
			);
			mainGroup = 86F08925246F1BD7009BF6D1;
			productRefGroup = 86F0892F246F1BD7009BF6D1 /* Products */;
			projectDirPath = "";
			projectRoot = "";
			targets = (
				86F0892D246F1BD7009BF6D1 /* BucketList */,
			);
		};
/* End PBXProject section */

/* Begin PBXResourcesBuildPhase section */
		86F0892C246F1BD7009BF6D1 /* Resources */ = {
			isa = PBXResourcesBuildPhase;
			buildActionMask = 2147483647;
			files = (
				86F08941246F1BD9009BF6D1 /* LaunchScreen.storyboard in Resources */,
				86F0893E246F1BD9009BF6D1 /* Assets.xcassets in Resources */,
				86F08939246F1BD7009BF6D1 /* Main.storyboard in Resources */,
			);
			runOnlyForDeploymentPostprocessing = 0;
		};
/* End PBXResourcesBuildPhase section */

/* Begin PBXSourcesBuildPhase section */
		86F0892A246F1BD7009BF6D1 /* Sources */ = {
			isa = PBXSourcesBuildPhase;
			buildActionMask = 2147483647;
			files = (
				86F08936246F1BD7009BF6D1 /* ConfusionNotVC.swift in Sources */,
				86F0893C246F1BD7009BF6D1 /* BucketList.xcdatamodeld in Sources */,
				86F08932246F1BD7009BF6D1 /* AppDelegate.swift in Sources */,
				86F08934246F1BD7009BF6D1 /* SceneDelegate.swift in Sources */,
				86DF98C82478263300FA4D4A /* CoreData.swift in Sources */,
				86F3A069246F326900175165 /* DateTime.swift in Sources */,
				86F3A067246F27A100175165 /* ConfusionNotTableCell.swift in Sources */,
			);
			runOnlyForDeploymentPostprocessing = 0;
		};
/* End PBXSourcesBuildPhase section */

/* Begin PBXVariantGroup section */
		86F08937246F1BD7009BF6D1 /* Main.storyboard */ = {
			isa = PBXVariantGroup;
			children = (
				86F08938246F1BD7009BF6D1 /* Base */,
			);
			name = Main.storyboard;
			sourceTree = "<group>";
		};
		86F0893F246F1BD9009BF6D1 /* LaunchScreen.storyboard */ = {
			isa = PBXVariantGroup;
			children = (
				86F08940246F1BD9009BF6D1 /* Base */,
			);
			name = LaunchScreen.storyboard;
			sourceTree = "<group>";
		};
/* End PBXVariantGroup section */

/* Begin XCBuildConfiguration section */
		86F08943246F1BD9009BF6D1 /* Debug */ = {
			isa = XCBuildConfiguration;
			buildSettings = {
				ALWAYS_SEARCH_USER_PATHS = NO;
				CLANG_ANALYZER_NONNULL = YES;
				CLANG_ANALYZER_NUMBER_OBJECT_CONVERSION = YES_AGGRESSIVE;
				CLANG_CXX_LANGUAGE_STANDARD = "gnu++14";
				CLANG_CXX_LIBRARY = "libc++";
				CLANG_ENABLE_MODULES = YES;
				CLANG_ENABLE_OBJC_ARC = YES;
				CLANG_ENABLE_OBJC_WEAK = YES;
				CLANG_WARN_BLOCK_CAPTURE_AUTORELEASING = YES;
				CLANG_WARN_BOOL_CONVERSION = YES;
				CLANG_WARN_COMMA = YES;
				CLANG_WARN_CONSTANT_CONVERSION = YES;
				CLANG_WARN_DEPRECATED_OBJC_IMPLEMENTATIONS = YES;
				CLANG_WARN_DIRECT_OBJC_ISA_USAGE = YES_ERROR;
				CLANG_WARN_DOCUMENTATION_COMMENTS = YES;
				CLANG_WARN_EMPTY_BODY = YES;
				CLANG_WARN_ENUM_CONVERSION = YES;
				CLANG_WARN_INFINITE_RECURSION = YES;
				CLANG_WARN_INT_CONVERSION = YES;
				CLANG_WARN_NON_LITERAL_NULL_CONVERSION = YES;
				CLANG_WARN_OBJC_IMPLICIT_RETAIN_SELF = YES;
				CLANG_WARN_OBJC_LITERAL_CONVERSION = YES;
				CLANG_WARN_OBJC_ROOT_CLASS = YES_ERROR;
				CLANG_WARN_RANGE_LOOP_ANALYSIS = YES;
				CLANG_WARN_STRICT_PROTOTYPES = YES;
				CLANG_WARN_SUSPICIOUS_MOVE = YES;
				CLANG_WARN_UNGUARDED_AVAILABILITY = YES_AGGRESSIVE;
				CLANG_WARN_UNREACHABLE_CODE = YES;
				CLANG_WARN__DUPLICATE_METHOD_MATCH = YES;
				COPY_PHASE_STRIP = NO;
				DEBUG_INFORMATION_FORMAT = dwarf;
				ENABLE_STRICT_OBJC_MSGSEND = YES;
				ENABLE_TESTABILITY = YES;
				GCC_C_LANGUAGE_STANDARD = gnu11;
				GCC_DYNAMIC_NO_PIC = NO;
				GCC_NO_COMMON_BLOCKS = YES;
				GCC_OPTIMIZATION_LEVEL = 0;
				GCC_PREPROCESSOR_DEFINITIONS = (
					"DEBUG=1",
					"$(inherited)",
				);
				GCC_WARN_64_TO_32_BIT_CONVERSION = YES;
				GCC_WARN_ABOUT_RETURN_TYPE = YES_ERROR;
				GCC_WARN_UNDECLARED_SELECTOR = YES;
				GCC_WARN_UNINITIALIZED_AUTOS = YES_AGGRESSIVE;
				GCC_WARN_UNUSED_FUNCTION = YES;
				GCC_WARN_UNUSED_VARIABLE = YES;
				IPHONEOS_DEPLOYMENT_TARGET = 13.4;
				MTL_ENABLE_DEBUG_INFO = INCLUDE_SOURCE;
				MTL_FAST_MATH = YES;
				ONLY_ACTIVE_ARCH = YES;
				SDKROOT = iphoneos;
				SWIFT_ACTIVE_COMPILATION_CONDITIONS = DEBUG;
				SWIFT_OPTIMIZATION_LEVEL = "-Onone";
			};
			name = Debug;
		};
		86F08944246F1BD9009BF6D1 /* Release */ = {
			isa = XCBuildConfiguration;
			buildSettings = {
				ALWAYS_SEARCH_USER_PATHS = NO;
				CLANG_ANALYZER_NONNULL = YES;
				CLANG_ANALYZER_NUMBER_OBJECT_CONVERSION = YES_AGGRESSIVE;
				CLANG_CXX_LANGUAGE_STANDARD = "gnu++14";
				CLANG_CXX_LIBRARY = "libc++";
				CLANG_ENABLE_MODULES = YES;
				CLANG_ENABLE_OBJC_ARC = YES;
				CLANG_ENABLE_OBJC_WEAK = YES;
				CLANG_WARN_BLOCK_CAPTURE_AUTORELEASING = YES;
				CLANG_WARN_BOOL_CONVERSION = YES;
				CLANG_WARN_COMMA = YES;
				CLANG_WARN_CONSTANT_CONVERSION = YES;
				CLANG_WARN_DEPRECATED_OBJC_IMPLEMENTATIONS = YES;
				CLANG_WARN_DIRECT_OBJC_ISA_USAGE = YES_ERROR;
				CLANG_WARN_DOCUMENTATION_COMMENTS = YES;
				CLANG_WARN_EMPTY_BODY = YES;
				CLANG_WARN_ENUM_CONVERSION = YES;
				CLANG_WARN_INFINITE_RECURSION = YES;
				CLANG_WARN_INT_CONVERSION = YES;
				CLANG_WARN_NON_LITERAL_NULL_CONVERSION = YES;
				CLANG_WARN_OBJC_IMPLICIT_RETAIN_SELF = YES;
				CLANG_WARN_OBJC_LITERAL_CONVERSION = YES;
				CLANG_WARN_OBJC_ROOT_CLASS = YES_ERROR;
				CLANG_WARN_RANGE_LOOP_ANALYSIS = YES;
				CLANG_WARN_STRICT_PROTOTYPES = YES;
				CLANG_WARN_SUSPICIOUS_MOVE = YES;
				CLANG_WARN_UNGUARDED_AVAILABILITY = YES_AGGRESSIVE;
				CLANG_WARN_UNREACHABLE_CODE = YES;
				CLANG_WARN__DUPLICATE_METHOD_MATCH = YES;
				COPY_PHASE_STRIP = NO;
				DEBUG_INFORMATION_FORMAT = "dwarf-with-dsym";
				ENABLE_NS_ASSERTIONS = NO;
				ENABLE_STRICT_OBJC_MSGSEND = YES;
				GCC_C_LANGUAGE_STANDARD = gnu11;
				GCC_NO_COMMON_BLOCKS = YES;
				GCC_WARN_64_TO_32_BIT_CONVERSION = YES;
				GCC_WARN_ABOUT_RETURN_TYPE = YES_ERROR;
				GCC_WARN_UNDECLARED_SELECTOR = YES;
				GCC_WARN_UNINITIALIZED_AUTOS = YES_AGGRESSIVE;
				GCC_WARN_UNUSED_FUNCTION = YES;
				GCC_WARN_UNUSED_VARIABLE = YES;
				IPHONEOS_DEPLOYMENT_TARGET = 13.4;
				MTL_ENABLE_DEBUG_INFO = NO;
				MTL_FAST_MATH = YES;
				SDKROOT = iphoneos;
				SWIFT_COMPILATION_MODE = wholemodule;
				SWIFT_OPTIMIZATION_LEVEL = "-O";
				VALIDATE_PRODUCT = YES;
			};
			name = Release;
		};
		86F08946246F1BD9009BF6D1 /* Debug */ = {
			isa = XCBuildConfiguration;
			buildSettings = {
				ASSETCATALOG_COMPILER_APPICON_NAME = "AppIcon-2";
				CODE_SIGN_STYLE = Automatic;
				DEVELOPMENT_TEAM = WZC357B3WQ;
				INFOPLIST_FILE = BucketList/Info.plist;
				LD_RUNPATH_SEARCH_PATHS = (
					"$(inherited)",
					"@executable_path/Frameworks",
				);
				PRODUCT_BUNDLE_IDENTIFIER = com.deepasnhSaini.ConfusionNot;
				PRODUCT_NAME = ConfusionNot;
				SWIFT_VERSION = 5.0;
				TARGETED_DEVICE_FAMILY = "1,2";
			};
			name = Debug;
		};
		86F08947246F1BD9009BF6D1 /* Release */ = {
			isa = XCBuildConfiguration;
			buildSettings = {
				ASSETCATALOG_COMPILER_APPICON_NAME = "AppIcon-2";
				CODE_SIGN_STYLE = Automatic;
				DEVELOPMENT_TEAM = WZC357B3WQ;
				INFOPLIST_FILE = BucketList/Info.plist;
				LD_RUNPATH_SEARCH_PATHS = (
					"$(inherited)",
					"@executable_path/Frameworks",
				);
				PRODUCT_BUNDLE_IDENTIFIER = com.deepasnhSaini.ConfusionNot;
				PRODUCT_NAME = ConfusionNot;
				SWIFT_VERSION = 5.0;
				TARGETED_DEVICE_FAMILY = "1,2";
			};
			name = Release;
		};
/* End XCBuildConfiguration section */

/* Begin XCConfigurationList section */
		86F08929246F1BD7009BF6D1 /* Build configuration list for PBXProject "BucketList" */ = {
			isa = XCConfigurationList;
			buildConfigurations = (
				86F08943246F1BD9009BF6D1 /* Debug */,
				86F08944246F1BD9009BF6D1 /* Release */,
			);
			defaultConfigurationIsVisible = 0;
			defaultConfigurationName = Release;
		};
		86F08945246F1BD9009BF6D1 /* Build configuration list for PBXNativeTarget "BucketList" */ = {
			isa = XCConfigurationList;
			buildConfigurations = (
				86F08946246F1BD9009BF6D1 /* Debug */,
				86F08947246F1BD9009BF6D1 /* Release */,
			);
			defaultConfigurationIsVisible = 0;
			defaultConfigurationName = Release;
		};
/* End XCConfigurationList section */

/* Begin XCVersionGroup section */
		86F0893A246F1BD7009BF6D1 /* BucketList.xcdatamodeld */ = {
			isa = XCVersionGroup;
			children = (
				86F0893B246F1BD7009BF6D1 /* BucketList.xcdatamodel */,
			);
			currentVersion = 86F0893B246F1BD7009BF6D1 /* BucketList.xcdatamodel */;
			path = BucketList.xcdatamodeld;
			sourceTree = "<group>";
			versionGroupType = wrapper.xcdatamodel;
		};
/* End XCVersionGroup section */
	};
	rootObject = 86F08926246F1BD7009BF6D1 /* Project object */;
}
